
Microsoft Visual Studio Solution File, Format Version 12.00
# Visual Studio Version 16
VisualStudioVersion = 16.0.30804.86
MinimumVisualStudioVersion = 10.0.40219.1
Project("{8BC9CEB8-8B4A-11D0-8D11-00A0C91BC942}") = "randnumOop", "randnumOop\randnumOop.vcxproj", "{7B685263-6460-4756-9FD0-5966CE8565A7}"
EndProject
Project("{8BC9CEB8-8B4A-11D0-8D11-00A0C91BC942}") = "FeedingWorm", "FeedingWorm\FeedingWorm.vcxproj", "{12FC2774-03CC-4458-AC90-855ED94D48C6}"
EndProject
Project("{9A19103F-16F7-4668-BE54-9A1E7A4F7556}") = "Terret", "Terret\Terret.csproj", "{CE933CAB-C959-44AE-A63C-34EA7F720435}"
EndProject
Project("{8BC9CEB8-8B4A-11D0-8D11-00A0C91BC942}") = "Terret.cpp", "Terret.cpp\Terret.cpp.vcxproj", "{3D723DB0-93D8-4129-A00E-9335FA899C74}"
EndProject
Project("{9A19103F-16F7-4668-BE54-9A1E7A4F7556}") = "LinkedList", "LinkedList\LinkedList.csproj", "{E8830820-ECD6-484A-A5A1-37AF1D8EB952}"
EndProject
Project("{8BC9CEB8-8B4A-11D0-8D11-00A0C91BC942}") = "LinkedListCpp", "LinkedListCpp\LinkedListCpp.vcxproj", "{881FA3A0-7BCA-4435-91B1-2F5FD8EB3EA6}"
EndProject
Project("{8BC9CEB8-8B4A-11D0-8D11-00A0C91BC942}") = "ProgressList", "ProgressList\ProgressList.vcxproj", "{B49D19FB-B11D-4BEB-8C7B-4556CA339235}"
EndProject
Project("{9A19103F-16F7-4668-BE54-9A1E7A4F7556}") = "ProgressList.cs", "ProgressList.cs\ProgressList.cs.csproj", "{3E0354DE-EF68-48E3-9AF9-16E2C8BAA668}"
EndProject
Project("{9A19103F-16F7-4668-BE54-9A1E7A4F7556}") = "Printer", "Printer\Printer.csproj", "{1D12F30B-2676-4560-AE9F-5EA8672DDE7D}"
EndProject
Project("{9A19103F-16F7-4668-BE54-9A1E7A4F7556}") = "Truck", "Truck\Truck.csproj", "{95A1C508-4D58-4E64-90C7-89968A9E38D8}"
EndProject
Project("{FAE04EC0-301F-11D3-BF4B-00C04F79EFBC}") = "StockPrice", "StockPrice\StockPrice.csproj", "{27C59240-64A4-451F-94B3-F0D02AF45ED7}"
EndProject
Project("{9092AA53-FB77-4645-B42D-1CCCA6BD08BD}") = "Completion", "Completion\Completion.njsproj", "{1CDB0B5D-C0E1-4919-8F9F-256518BFBCCD}"
EndProject
Project("{FAE04EC0-301F-11D3-BF4B-00C04F79EFBC}") = "Spy", "Spy\Spy.csproj", "{E4BC416D-61D0-44DD-AE7F-6438DBB3B66B}"
EndProject
Project("{FAE04EC0-301F-11D3-BF4B-00C04F79EFBC}") = "Genre", "Genre\Genre.csproj", "{E8164165-36F4-4E6C-A5E3-63230156DCCE}"
EndProject
Project("{FAE04EC0-301F-11D3-BF4B-00C04F79EFBC}") = "K", "K\K.csproj", "{CD7A6471-6FCD-45B8-8D4F-93B3DFD0BDE6}"
EndProject
Project("{FAE04EC0-301F-11D3-BF4B-00C04F79EFBC}") = "Max", "Max\Max.csproj", "{786D8639-0013-4AE2-BF50-0560CE802715}"
EndProject
Global
	GlobalSection(SolutionConfigurationPlatforms) = preSolution
		Debug|Any CPU = Debug|Any CPU
		Debug|x64 = Debug|x64
		Debug|x86 = Debug|x86
		Release|Any CPU = Release|Any CPU
		Release|x64 = Release|x64
		Release|x86 = Release|x86
	EndGlobalSection
	GlobalSection(ProjectConfigurationPlatforms) = postSolution
		{7B685263-6460-4756-9FD0-5966CE8565A7}.Debug|Any CPU.ActiveCfg = Debug|Win32
		{7B685263-6460-4756-9FD0-5966CE8565A7}.Debug|x64.ActiveCfg = Debug|x64
		{7B685263-6460-4756-9FD0-5966CE8565A7}.Debug|x64.Build.0 = Debug|x64
		{7B685263-6460-4756-9FD0-5966CE8565A7}.Debug|x86.ActiveCfg = Debug|Win32
		{7B685263-6460-4756-9FD0-5966CE8565A7}.Debug|x86.Build.0 = Debug|Win32
		{7B685263-6460-4756-9FD0-5966CE8565A7}.Release|Any CPU.ActiveCfg = Release|Win32
		{7B685263-6460-4756-9FD0-5966CE8565A7}.Release|x64.ActiveCfg = Release|x64
		{7B685263-6460-4756-9FD0-5966CE8565A7}.Release|x64.Build.0 = Release|x64
		{7B685263-6460-4756-9FD0-5966CE8565A7}.Release|x86.ActiveCfg = Release|Win32
		{7B685263-6460-4756-9FD0-5966CE8565A7}.Release|x86.Build.0 = Release|Win32
		{12FC2774-03CC-4458-AC90-855ED94D48C6}.Debug|Any CPU.ActiveCfg = Debug|Win32
		{12FC2774-03CC-4458-AC90-855ED94D48C6}.Debug|x64.ActiveCfg = Debug|x64
		{12FC2774-03CC-4458-AC90-855ED94D48C6}.Debug|x64.Build.0 = Debug|x64
		{12FC2774-03CC-4458-AC90-855ED94D48C6}.Debug|x86.ActiveCfg = Debug|Win32
		{12FC2774-03CC-4458-AC90-855ED94D48C6}.Debug|x86.Build.0 = Debug|Win32
		{12FC2774-03CC-4458-AC90-855ED94D48C6}.Release|Any CPU.ActiveCfg = Release|Win32
		{12FC2774-03CC-4458-AC90-855ED94D48C6}.Release|x64.ActiveCfg = Release|x64
		{12FC2774-03CC-4458-AC90-855ED94D48C6}.Release|x64.Build.0 = Release|x64
		{12FC2774-03CC-4458-AC90-855ED94D48C6}.Release|x86.ActiveCfg = Release|Win32
		{12FC2774-03CC-4458-AC90-855ED94D48C6}.Release|x86.Build.0 = Release|Win32
		{CE933CAB-C959-44AE-A63C-34EA7F720435}.Debug|Any CPU.ActiveCfg = Debug|Any CPU
		{CE933CAB-C959-44AE-A63C-34EA7F720435}.Debug|Any CPU.Build.0 = Debug|Any CPU
		{CE933CAB-C959-44AE-A63C-34EA7F720435}.Debug|x64.ActiveCfg = Debug|Any CPU
		{CE933CAB-C959-44AE-A63C-34EA7F720435}.Debug|x64.Build.0 = Debug|Any CPU
		{CE933CAB-C959-44AE-A63C-34EA7F720435}.Debug|x86.ActiveCfg = Debug|Any CPU
		{CE933CAB-C959-44AE-A63C-34EA7F720435}.Debug|x86.Build.0 = Debug|Any CPU
		{CE933CAB-C959-44AE-A63C-34EA7F720435}.Release|Any CPU.ActiveCfg = Release|Any CPU
		{CE933CAB-C959-44AE-A63C-34EA7F720435}.Release|Any CPU.Build.0 = Release|Any CPU
		{CE933CAB-C959-44AE-A63C-34EA7F720435}.Release|x64.ActiveCfg = Release|Any CPU
		{CE933CAB-C959-44AE-A63C-34EA7F720435}.Release|x64.Build.0 = Release|Any CPU
		{CE933CAB-C959-44AE-A63C-34EA7F720435}.Release|x86.ActiveCfg = Release|Any CPU
		{CE933CAB-C959-44AE-A63C-34EA7F720435}.Release|x86.Build.0 = Release|Any CPU
		{3D723DB0-93D8-4129-A00E-9335FA899C74}.Debug|Any CPU.ActiveCfg = Debug|Win32
		{3D723DB0-93D8-4129-A00E-9335FA899C74}.Debug|x64.ActiveCfg = Debug|x64
		{3D723DB0-93D8-4129-A00E-9335FA899C74}.Debug|x64.Build.0 = Debug|x64
		{3D723DB0-93D8-4129-A00E-9335FA899C74}.Debug|x86.ActiveCfg = Debug|Win32
		{3D723DB0-93D8-4129-A00E-9335FA899C74}.Debug|x86.Build.0 = Debug|Win32
		{3D723DB0-93D8-4129-A00E-9335FA899C74}.Release|Any CPU.ActiveCfg = Release|Win32
		{3D723DB0-93D8-4129-A00E-9335FA899C74}.Release|x64.ActiveCfg = Release|x64
		{3D723DB0-93D8-4129-A00E-9335FA899C74}.Release|x64.Build.0 = Release|x64
		{3D723DB0-93D8-4129-A00E-9335FA899C74}.Release|x86.ActiveCfg = Release|Win32
		{3D723DB0-93D8-4129-A00E-9335FA899C74}.Release|x86.Build.0 = Release|Win32
		{E8830820-ECD6-484A-A5A1-37AF1D8EB952}.Debug|Any CPU.ActiveCfg = Debug|Any CPU
		{E8830820-ECD6-484A-A5A1-37AF1D8EB952}.Debug|Any CPU.Build.0 = Debug|Any CPU
		{E8830820-ECD6-484A-A5A1-37AF1D8EB952}.Debug|x64.ActiveCfg = Debug|Any CPU
		{E8830820-ECD6-484A-A5A1-37AF1D8EB952}.Debug|x64.Build.0 = Debug|Any CPU
		{E8830820-ECD6-484A-A5A1-37AF1D8EB952}.Debug|x86.ActiveCfg = Debug|Any CPU
		{E8830820-ECD6-484A-A5A1-37AF1D8EB952}.Debug|x86.Build.0 = Debug|Any CPU
		{E8830820-ECD6-484A-A5A1-37AF1D8EB952}.Release|Any CPU.ActiveCfg = Release|Any CPU
		{E8830820-ECD6-484A-A5A1-37AF1D8EB952}.Release|Any CPU.Build.0 = Release|Any CPU
		{E8830820-ECD6-484A-A5A1-37AF1D8EB952}.Release|x64.ActiveCfg = Release|Any CPU
		{E8830820-ECD6-484A-A5A1-37AF1D8EB952}.Release|x64.Build.0 = Release|Any CPU
		{E8830820-ECD6-484A-A5A1-37AF1D8EB952}.Release|x86.ActiveCfg = Release|Any CPU
		{E8830820-ECD6-484A-A5A1-37AF1D8EB952}.Release|x86.Build.0 = Release|Any CPU
		{881FA3A0-7BCA-4435-91B1-2F5FD8EB3EA6}.Debug|Any CPU.ActiveCfg = Debug|Win32
		{881FA3A0-7BCA-4435-91B1-2F5FD8EB3EA6}.Debug|x64.ActiveCfg = Debug|x64
		{881FA3A0-7BCA-4435-91B1-2F5FD8EB3EA6}.Debug|x64.Build.0 = Debug|x64
		{881FA3A0-7BCA-4435-91B1-2F5FD8EB3EA6}.Debug|x86.ActiveCfg = Debug|Win32
		{881FA3A0-7BCA-4435-91B1-2F5FD8EB3EA6}.Debug|x86.Build.0 = Debug|Win32
		{881FA3A0-7BCA-4435-91B1-2F5FD8EB3EA6}.Release|Any CPU.ActiveCfg = Release|Win32
		{881FA3A0-7BCA-4435-91B1-2F5FD8EB3EA6}.Release|x64.ActiveCfg = Release|x64
		{881FA3A0-7BCA-4435-91B1-2F5FD8EB3EA6}.Release|x64.Build.0 = Release|x64
		{881FA3A0-7BCA-4435-91B1-2F5FD8EB3EA6}.Release|x86.ActiveCfg = Release|Win32
		{881FA3A0-7BCA-4435-91B1-2F5FD8EB3EA6}.Release|x86.Build.0 = Release|Win32
		{B49D19FB-B11D-4BEB-8C7B-4556CA339235}.Debug|Any CPU.ActiveCfg = Debug|Win32
		{B49D19FB-B11D-4BEB-8C7B-4556CA339235}.Debug|x64.ActiveCfg = Debug|x64
		{B49D19FB-B11D-4BEB-8C7B-4556CA339235}.Debug|x64.Build.0 = Debug|x64
		{B49D19FB-B11D-4BEB-8C7B-4556CA339235}.Debug|x86.ActiveCfg = Debug|Win32
		{B49D19FB-B11D-4BEB-8C7B-4556CA339235}.Debug|x86.Build.0 = Debug|Win32
		{B49D19FB-B11D-4BEB-8C7B-4556CA339235}.Release|Any CPU.ActiveCfg = Release|Win32
		{B49D19FB-B11D-4BEB-8C7B-4556CA339235}.Release|x64.ActiveCfg = Release|x64
		{B49D19FB-B11D-4BEB-8C7B-4556CA339235}.Release|x64.Build.0 = Release|x64
		{B49D19FB-B11D-4BEB-8C7B-4556CA339235}.Release|x86.ActiveCfg = Release|Win32
		{B49D19FB-B11D-4BEB-8C7B-4556CA339235}.Release|x86.Build.0 = Release|Win32
		{3E0354DE-EF68-48E3-9AF9-16E2C8BAA668}.Debug|Any CPU.ActiveCfg = Debug|Any CPU
		{3E0354DE-EF68-48E3-9AF9-16E2C8BAA668}.Debug|Any CPU.Build.0 = Debug|Any CPU
		{3E0354DE-EF68-48E3-9AF9-16E2C8BAA668}.Debug|x64.ActiveCfg = Debug|Any CPU
		{3E0354DE-EF68-48E3-9AF9-16E2C8BAA668}.Debug|x64.Build.0 = Debug|Any CPU
		{3E0354DE-EF68-48E3-9AF9-16E2C8BAA668}.Debug|x86.ActiveCfg = Debug|Any CPU
		{3E0354DE-EF68-48E3-9AF9-16E2C8BAA668}.Debug|x86.Build.0 = Debug|Any CPU
		{3E0354DE-EF68-48E3-9AF9-16E2C8BAA668}.Release|Any CPU.ActiveCfg = Release|Any CPU
		{3E0354DE-EF68-48E3-9AF9-16E2C8BAA668}.Release|Any CPU.Build.0 = Release|Any CPU
		{3E0354DE-EF68-48E3-9AF9-16E2C8BAA668}.Release|x64.ActiveCfg = Release|Any CPU
		{3E0354DE-EF68-48E3-9AF9-16E2C8BAA668}.Release|x64.Build.0 = Release|Any CPU
		{3E0354DE-EF68-48E3-9AF9-16E2C8BAA668}.Release|x86.ActiveCfg = Release|Any CPU
		{3E0354DE-EF68-48E3-9AF9-16E2C8BAA668}.Release|x86.Build.0 = Release|Any CPU
		{1D12F30B-2676-4560-AE9F-5EA8672DDE7D}.Debug|Any CPU.ActiveCfg = Debug|Any CPU
		{1D12F30B-2676-4560-AE9F-5EA8672DDE7D}.Debug|Any CPU.Build.0 = Debug|Any CPU
		{1D12F30B-2676-4560-AE9F-5EA8672DDE7D}.Debug|x64.ActiveCfg = Debug|Any CPU
		{1D12F30B-2676-4560-AE9F-5EA8672DDE7D}.Debug|x64.Build.0 = Debug|Any CPU
		{1D12F30B-2676-4560-AE9F-5EA8672DDE7D}.Debug|x86.ActiveCfg = Debug|Any CPU
		{1D12F30B-2676-4560-AE9F-5EA8672DDE7D}.Debug|x86.Build.0 = Debug|Any CPU
		{1D12F30B-2676-4560-AE9F-5EA8672DDE7D}.Release|Any CPU.ActiveCfg = Release|Any CPU
		{1D12F30B-2676-4560-AE9F-5EA8672DDE7D}.Release|Any CPU.Build.0 = Release|Any CPU
		{1D12F30B-2676-4560-AE9F-5EA8672DDE7D}.Release|x64.ActiveCfg = Release|Any CPU
		{1D12F30B-2676-4560-AE9F-5EA8672DDE7D}.Release|x64.Build.0 = Release|Any CPU
		{1D12F30B-2676-4560-AE9F-5EA8672DDE7D}.Release|x86.ActiveCfg = Release|Any CPU
		{1D12F30B-2676-4560-AE9F-5EA8672DDE7D}.Release|x86.Build.0 = Release|Any CPU
		{95A1C508-4D58-4E64-90C7-89968A9E38D8}.Debug|Any CPU.ActiveCfg = Debug|Any CPU
		{95A1C508-4D58-4E64-90C7-89968A9E38D8}.Debug|Any CPU.Build.0 = Debug|Any CPU
		{95A1C508-4D58-4E64-90C7-89968A9E38D8}.Debug|x64.ActiveCfg = Debug|Any CPU
		{95A1C508-4D58-4E64-90C7-89968A9E38D8}.Debug|x64.Build.0 = Debug|Any CPU
		{95A1C508-4D58-4E64-90C7-89968A9E38D8}.Debug|x86.ActiveCfg = Debug|Any CPU
		{95A1C508-4D58-4E64-90C7-89968A9E38D8}.Debug|x86.Build.0 = Debug|Any CPU
		{95A1C508-4D58-4E64-90C7-89968A9E38D8}.Release|Any CPU.ActiveCfg = Release|Any CPU
		{95A1C508-4D58-4E64-90C7-89968A9E38D8}.Release|Any CPU.Build.0 = Release|Any CPU
		{95A1C508-4D58-4E64-90C7-89968A9E38D8}.Release|x64.ActiveCfg = Release|Any CPU
		{95A1C508-4D58-4E64-90C7-89968A9E38D8}.Release|x64.Build.0 = Release|Any CPU
		{95A1C508-4D58-4E64-90C7-89968A9E38D8}.Release|x86.ActiveCfg = Release|Any CPU
		{95A1C508-4D58-4E64-90C7-89968A9E38D8}.Release|x86.Build.0 = Release|Any CPU
		{27C59240-64A4-451F-94B3-F0D02AF45ED7}.Debug|Any CPU.ActiveCfg = Debug|Any CPU
		{27C59240-64A4-451F-94B3-F0D02AF45ED7}.Debug|Any CPU.Build.0 = Debug|Any CPU
		{27C59240-64A4-451F-94B3-F0D02AF45ED7}.Debug|x64.ActiveCfg = Debug|Any CPU
		{27C59240-64A4-451F-94B3-F0D02AF45ED7}.Debug|x64.Build.0 = Debug|Any CPU
		{27C59240-64A4-451F-94B3-F0D02AF45ED7}.Debug|x86.ActiveCfg = Debug|Any CPU
		{27C59240-64A4-451F-94B3-F0D02AF45ED7}.Debug|x86.Build.0 = Debug|Any CPU
		{27C59240-64A4-451F-94B3-F0D02AF45ED7}.Release|Any CPU.ActiveCfg = Release|Any CPU
		{27C59240-64A4-451F-94B3-F0D02AF45ED7}.Release|Any CPU.Build.0 = Release|Any CPU
		{27C59240-64A4-451F-94B3-F0D02AF45ED7}.Release|x64.ActiveCfg = Release|Any CPU
		{27C59240-64A4-451F-94B3-F0D02AF45ED7}.Release|x64.Build.0 = Release|Any CPU
		{27C59240-64A4-451F-94B3-F0D02AF45ED7}.Release|x86.ActiveCfg = Release|Any CPU
		{27C59240-64A4-451F-94B3-F0D02AF45ED7}.Release|x86.Build.0 = Release|Any CPU
		{1CDB0B5D-C0E1-4919-8F9F-256518BFBCCD}.Debug|Any CPU.ActiveCfg = Debug|Any CPU
		{1CDB0B5D-C0E1-4919-8F9F-256518BFBCCD}.Debug|Any CPU.Build.0 = Debug|Any CPU
		{1CDB0B5D-C0E1-4919-8F9F-256518BFBCCD}.Debug|x64.ActiveCfg = Debug|Any CPU
		{1CDB0B5D-C0E1-4919-8F9F-256518BFBCCD}.Debug|x64.Build.0 = Debug|Any CPU
		{1CDB0B5D-C0E1-4919-8F9F-256518BFBCCD}.Debug|x86.ActiveCfg = Debug|Any CPU
		{1CDB0B5D-C0E1-4919-8F9F-256518BFBCCD}.Debug|x86.Build.0 = Debug|Any CPU
		{1CDB0B5D-C0E1-4919-8F9F-256518BFBCCD}.Release|Any CPU.ActiveCfg = Release|Any CPU
		{1CDB0B5D-C0E1-4919-8F9F-256518BFBCCD}.Release|Any CPU.Build.0 = Release|Any CPU
		{1CDB0B5D-C0E1-4919-8F9F-256518BFBCCD}.Release|x64.ActiveCfg = Release|Any CPU
		{1CDB0B5D-C0E1-4919-8F9F-256518BFBCCD}.Release|x64.Build.0 = Release|Any CPU
		{1CDB0B5D-C0E1-4919-8F9F-256518BFBCCD}.Release|x86.ActiveCfg = Release|Any CPU
		{1CDB0B5D-C0E1-4919-8F9F-256518BFBCCD}.Release|x86.Build.0 = Release|Any CPU
		{E4BC416D-61D0-44DD-AE7F-6438DBB3B66B}.Debug|Any CPU.ActiveCfg = Debug|Any CPU
		{E4BC416D-61D0-44DD-AE7F-6438DBB3B66B}.Debug|Any CPU.Build.0 = Debug|Any CPU
		{E4BC416D-61D0-44DD-AE7F-6438DBB3B66B}.Debug|x64.ActiveCfg = Debug|Any CPU
		{E4BC416D-61D0-44DD-AE7F-6438DBB3B66B}.Debug|x64.Build.0 = Debug|Any CPU
		{E4BC416D-61D0-44DD-AE7F-6438DBB3B66B}.Debug|x86.ActiveCfg = Debug|Any CPU
		{E4BC416D-61D0-44DD-AE7F-6438DBB3B66B}.Debug|x86.Build.0 = Debug|Any CPU
		{E4BC416D-61D0-44DD-AE7F-6438DBB3B66B}.Release|Any CPU.ActiveCfg = Release|Any CPU
		{E4BC416D-61D0-44DD-AE7F-6438DBB3B66B}.Release|Any CPU.Build.0 = Release|Any CPU
		{E4BC416D-61D0-44DD-AE7F-6438DBB3B66B}.Release|x64.ActiveCfg = Release|Any CPU
		{E4BC416D-61D0-44DD-AE7F-6438DBB3B66B}.Release|x64.Build.0 = Release|Any CPU
		{E4BC416D-61D0-44DD-AE7F-6438DBB3B66B}.Release|x86.ActiveCfg = Release|Any CPU
		{E4BC416D-61D0-44DD-AE7F-6438DBB3B66B}.Release|x86.Build.0 = Release|Any CPU
		{E8164165-36F4-4E6C-A5E3-63230156DCCE}.Debug|Any CPU.ActiveCfg = Debug|Any CPU
		{E8164165-36F4-4E6C-A5E3-63230156DCCE}.Debug|Any CPU.Build.0 = Debug|Any CPU
		{E8164165-36F4-4E6C-A5E3-63230156DCCE}.Debug|x64.ActiveCfg = Debug|Any CPU
		{E8164165-36F4-4E6C-A5E3-63230156DCCE}.Debug|x64.Build.0 = Debug|Any CPU
		{E8164165-36F4-4E6C-A5E3-63230156DCCE}.Debug|x86.ActiveCfg = Debug|Any CPU
		{E8164165-36F4-4E6C-A5E3-63230156DCCE}.Debug|x86.Build.0 = Debug|Any CPU
		{E8164165-36F4-4E6C-A5E3-63230156DCCE}.Release|Any CPU.ActiveCfg = Release|Any CPU
		{E8164165-36F4-4E6C-A5E3-63230156DCCE}.Release|Any CPU.Build.0 = Release|Any CPU
		{E8164165-36F4-4E6C-A5E3-63230156DCCE}.Release|x64.ActiveCfg = Release|Any CPU
		{E8164165-36F4-4E6C-A5E3-63230156DCCE}.Release|x64.Build.0 = Release|Any CPU
		{E8164165-36F4-4E6C-A5E3-63230156DCCE}.Release|x86.ActiveCfg = Release|Any CPU
		{E8164165-36F4-4E6C-A5E3-63230156DCCE}.Release|x86.Build.0 = Release|Any CPU
		{CD7A6471-6FCD-45B8-8D4F-93B3DFD0BDE6}.Debug|Any CPU.ActiveCfg = Debug|Any CPU
		{CD7A6471-6FCD-45B8-8D4F-93B3DFD0BDE6}.Debug|Any CPU.Build.0 = Debug|Any CPU
		{CD7A6471-6FCD-45B8-8D4F-93B3DFD0BDE6}.Debug|x64.ActiveCfg = Debug|Any CPU
		{CD7A6471-6FCD-45B8-8D4F-93B3DFD0BDE6}.Debug|x64.Build.0 = Debug|Any CPU
		{CD7A6471-6FCD-45B8-8D4F-93B3DFD0BDE6}.Debug|x86.ActiveCfg = Debug|Any CPU
		{CD7A6471-6FCD-45B8-8D4F-93B3DFD0BDE6}.Debug|x86.Build.0 = Debug|Any CPU
		{CD7A6471-6FCD-45B8-8D4F-93B3DFD0BDE6}.Release|Any CPU.ActiveCfg = Release|Any CPU
		{CD7A6471-6FCD-45B8-8D4F-93B3DFD0BDE6}.Release|Any CPU.Build.0 = Release|Any CPU
		{CD7A6471-6FCD-45B8-8D4F-93B3DFD0BDE6}.Release|x64.ActiveCfg = Release|Any CPU
		{CD7A6471-6FCD-45B8-8D4F-93B3DFD0BDE6}.Release|x64.Build.0 = Release|Any CPU
		{CD7A6471-6FCD-45B8-8D4F-93B3DFD0BDE6}.Release|x86.ActiveCfg = Release|Any CPU
		{CD7A6471-6FCD-45B8-8D4F-93B3DFD0BDE6}.Release|x86.Build.0 = Release|Any CPU
		{786D8639-0013-4AE2-BF50-0560CE802715}.Debug|Any CPU.ActiveCfg = Debug|Any CPU
		{786D8639-0013-4AE2-BF50-0560CE802715}.Debug|Any CPU.Build.0 = Debug|Any CPU
		{786D8639-0013-4AE2-BF50-0560CE802715}.Debug|x64.ActiveCfg = Debug|Any CPU
		{786D8639-0013-4AE2-BF50-0560CE802715}.Debug|x64.Build.0 = Debug|Any CPU
		{786D8639-0013-4AE2-BF50-0560CE802715}.Debug|x86.ActiveCfg = Debug|Any CPU
		{786D8639-0013-4AE2-BF50-0560CE802715}.Debug|x86.Build.0 = Debug|Any CPU
		{786D8639-0013-4AE2-BF50-0560CE802715}.Release|Any CPU.ActiveCfg = Release|Any CPU
		{786D8639-0013-4AE2-BF50-0560CE802715}.Release|Any CPU.Build.0 = Release|Any CPU
		{786D8639-0013-4AE2-BF50-0560CE802715}.Release|x64.ActiveCfg = Release|Any CPU
		{786D8639-0013-4AE2-BF50-0560CE802715}.Release|x64.Build.0 = Release|Any CPU
		{786D8639-0013-4AE2-BF50-0560CE802715}.Release|x86.ActiveCfg = Release|Any CPU
		{786D8639-0013-4AE2-BF50-0560CE802715}.Release|x86.Build.0 = Release|Any CPU
	EndGlobalSection
	GlobalSection(SolutionProperties) = preSolution
		HideSolutionNode = FALSE
	EndGlobalSection
	GlobalSection(ExtensibilityGlobals) = postSolution
		SolutionGuid = {5454CAA2-438B-40AC-8BB9-02AFA94AAF04}
	EndGlobalSection
EndGlobal
